
Microsoft Visual Studio Solution File, Format Version 12.00
# Visual Studio Version 17
VisualStudioVersion = 17.6.33815.320
MinimumVisualStudioVersion = 10.0.40219.1
Project("{FAE04EC0-301F-11D3-BF4B-00C04F79EFBC}") = "WindowsFormsApp11MessageBox", "WindowsFormsApp11MessageBox\WindowsFormsApp11MessageBox.csproj", "{5468BC5D-F49D-4497-BFB9-FA742DA14DE7}"
EndProject
Global
	GlobalSection(SolutionConfigurationPlatforms) = preSolution
		Debug|Any CPU = Debug|Any CPU
		Release|Any CPU = Release|Any CPU
	EndGlobalSection
	GlobalSection(ProjectConfigurationPlatforms) = postSolution
		{5468BC5D-F49D-4497-BFB9-FA742DA14DE7}.Debug|Any CPU.ActiveCfg = Debug|Any CPU
		{5468BC5D-F49D-4497-BFB9-FA742DA14DE7}.Debug|Any CPU.Build.0 = Debug|Any CPU
		{5468BC5D-F49D-4497-BFB9-FA742DA14DE7}.Release|Any CPU.ActiveCfg = Release|Any CPU
		{5468BC5D-F49D-4497-BFB9-FA742DA14DE7}.Release|Any CPU.Build.0 = Release|Any CPU
	EndGlobalSection
	GlobalSection(SolutionProperties) = preSolution
		HideSolutionNode = FALSE
	EndGlobalSection
	GlobalSection(ExtensibilityGlobals) = postSolution
		SolutionGuid = {78FD39EB-1C69-4FC5-8E63-AA9B0DB4BD27}
	EndGlobalSection
EndGlobal
